// !$*UTF8*$!
{
	archiveVersion = 1;
	classes = {
	};
	objectVersion = 50;
	objects = {

/* Begin PBXBuildFile section */
		1EAE3FFE266B69B700513993 /* AppDelegate.swift in Sources */ = {isa = PBXBuildFile; fileRef = 1EAE3FFD266B69B700513993 /* AppDelegate.swift */; };
		1EAE4000266B69B700513993 /* SceneDelegate.swift in Sources */ = {isa = PBXBuildFile; fileRef = 1EAE3FFF266B69B700513993 /* SceneDelegate.swift */; };
		1EAE4002266B69B700513993 /* ViewController.swift in Sources */ = {isa = PBXBuildFile; fileRef = 1EAE4001266B69B700513993 /* ViewController.swift */; };
		1EAE4005266B69B700513993 /* Main.storyboard in Resources */ = {isa = PBXBuildFile; fileRef = 1EAE4003266B69B700513993 /* Main.storyboard */; };
		1EAE4007266B69C700513993 /* Assets.xcassets in Resources */ = {isa = PBXBuildFile; fileRef = 1EAE4006266B69C700513993 /* Assets.xcassets */; };
		1EAE400A266B69C700513993 /* LaunchScreen.storyboard in Resources */ = {isa = PBXBuildFile; fileRef = 1EAE4008266B69C700513993 /* LaunchScreen.storyboard */; };
		1EAE4012266B88A200513993 /* LoginChecker.swift in Sources */ = {isa = PBXBuildFile; fileRef = 1EAE4011266B88A200513993 /* LoginChecker.swift */; };
		1EAE4014266B969500513993 /* LoginCheckerDelegate.swift in Sources */ = {isa = PBXBuildFile; fileRef = 1EAE4013266B969500513993 /* LoginCheckerDelegate.swift */; };
		1EAE401F266B9EEE00513993 /* LoginCheckerTests.swift in Sources */ = {isa = PBXBuildFile; fileRef = 1EAE401E266B9EEE00513993 /* LoginCheckerTests.swift */; };
/* End PBXBuildFile section */

/* Begin PBXContainerItemProxy section */
		1EAE4021266B9EEE00513993 /* PBXContainerItemProxy */ = {
			isa = PBXContainerItemProxy;
			containerPortal = 1EAE3FF2266B69B700513993 /* Project object */;
			proxyType = 1;
			remoteGlobalIDString = 1EAE3FF9266B69B700513993;
			remoteInfo = LoginChecker;
		};
/* End PBXContainerItemProxy section */

/* Begin PBXFileReference section */
		1EAE3FFA266B69B700513993 /* LoginChecker.app */ = {isa = PBXFileReference; explicitFileType = wrapper.application; includeInIndex = 0; path = LoginChecker.app; sourceTree = BUILT_PRODUCTS_DIR; };
		1EAE3FFD266B69B700513993 /* AppDelegate.swift */ = {isa = PBXFileReference; lastKnownFileType = sourcecode.swift; path = AppDelegate.swift; sourceTree = "<group>"; };
		1EAE3FFF266B69B700513993 /* SceneDelegate.swift */ = {isa = PBXFileReference; lastKnownFileType = sourcecode.swift; path = SceneDelegate.swift; sourceTree = "<group>"; };
		1EAE4001266B69B700513993 /* ViewController.swift */ = {isa = PBXFileReference; lastKnownFileType = sourcecode.swift; path = ViewController.swift; sourceTree = "<group>"; };
		1EAE4004266B69B700513993 /* Base */ = {isa = PBXFileReference; lastKnownFileType = file.storyboard; name = Base; path = Base.lproj/Main.storyboard; sourceTree = "<group>"; };
		1EAE4006266B69C700513993 /* Assets.xcassets */ = {isa = PBXFileReference; lastKnownFileType = folder.assetcatalog; path = Assets.xcassets; sourceTree = "<group>"; };
		1EAE4009266B69C700513993 /* Base */ = {isa = PBXFileReference; lastKnownFileType = file.storyboard; name = Base; path = Base.lproj/LaunchScreen.storyboard; sourceTree = "<group>"; };
		1EAE400B266B69C700513993 /* Info.plist */ = {isa = PBXFileReference; lastKnownFileType = text.plist.xml; path = Info.plist; sourceTree = "<group>"; };
		1EAE4011266B88A200513993 /* LoginChecker.swift */ = {isa = PBXFileReference; lastKnownFileType = sourcecode.swift; path = LoginChecker.swift; sourceTree = "<group>"; };
		1EAE4013266B969500513993 /* LoginCheckerDelegate.swift */ = {isa = PBXFileReference; lastKnownFileType = sourcecode.swift; path = LoginCheckerDelegate.swift; sourceTree = "<group>"; };
		1EAE401C266B9EEE00513993 /* LoginCheckerTests.xctest */ = {isa = PBXFileReference; explicitFileType = wrapper.cfbundle; includeInIndex = 0; path = LoginCheckerTests.xctest; sourceTree = BUILT_PRODUCTS_DIR; };
		1EAE401E266B9EEE00513993 /* LoginCheckerTests.swift */ = {isa = PBXFileReference; lastKnownFileType = sourcecode.swift; path = LoginCheckerTests.swift; sourceTree = "<group>"; };
		1EAE4020266B9EEE00513993 /* Info.plist */ = {isa = PBXFileReference; lastKnownFileType = text.plist.xml; path = Info.plist; sourceTree = "<group>"; };
/* End PBXFileReference section */

/* Begin PBXFrameworksBuildPhase section */
		1EAE3FF7266B69B700513993 /* Frameworks */ = {
			isa = PBXFrameworksBuildPhase;
			buildActionMask = 2147483647;
			files = (
			);
			runOnlyForDeploymentPostprocessing = 0;
		};
		1EAE4019266B9EEE00513993 /* Frameworks */ = {
			isa = PBXFrameworksBuildPhase;
			buildActionMask = 2147483647;
			files = (
			);
			runOnlyForDeploymentPostprocessing = 0;
		};
/* End PBXFrameworksBuildPhase section */

/* Begin PBXGroup section */
		1EAE3FF1266B69B700513993 = {
			isa = PBXGroup;
			children = (
				1EAE3FFC266B69B700513993 /* LoginChecker */,
				1EAE401D266B9EEE00513993 /* LoginCheckerTests */,
				1EAE3FFB266B69B700513993 /* Products */,
			);
			sourceTree = "<group>";
		};
		1EAE3FFB266B69B700513993 /* Products */ = {
			isa = PBXGroup;
			children = (
				1EAE3FFA266B69B700513993 /* LoginChecker.app */,
				1EAE401C266B9EEE00513993 /* LoginCheckerTests.xctest */,
			);
			name = Products;
			sourceTree = "<group>";
		};
		1EAE3FFC266B69B700513993 /* LoginChecker */ = {
			isa = PBXGroup;
			children = (
				1EAE4015266B985400513993 /* SupportingFiles */,
				1EAE4001266B69B700513993 /* ViewController.swift */,
				1EAE4003266B69B700513993 /* Main.storyboard */,
				1EAE4008266B69C700513993 /* LaunchScreen.storyboard */,
				1EAE400B266B69C700513993 /* Info.plist */,
			);
			path = LoginChecker;
			sourceTree = "<group>";
		};
		1EAE4015266B985400513993 /* SupportingFiles */ = {
			isa = PBXGroup;
			children = (
				1EAE3FFD266B69B700513993 /* AppDelegate.swift */,
				1EAE3FFF266B69B700513993 /* SceneDelegate.swift */,
				1EAE4011266B88A200513993 /* LoginChecker.swift */,
				1EAE4013266B969500513993 /* LoginCheckerDelegate.swift */,
				1EAE4006266B69C700513993 /* Assets.xcassets */,
			);
			path = SupportingFiles;
			sourceTree = "<group>";
		};
		1EAE401D266B9EEE00513993 /* LoginCheckerTests */ = {
			isa = PBXGroup;
			children = (
				1EAE401E266B9EEE00513993 /* LoginCheckerTests.swift */,
				1EAE4020266B9EEE00513993 /* Info.plist */,
			);
			path = LoginCheckerTests;
			sourceTree = "<group>";
		};
/* End PBXGroup section */

/* Begin PBXNativeTarget section */
		1EAE3FF9266B69B700513993 /* LoginChecker */ = {
			isa = PBXNativeTarget;
			buildConfigurationList = 1EAE400E266B69C700513993 /* Build configuration list for PBXNativeTarget "LoginChecker" */;
			buildPhases = (
				1EAE3FF6266B69B700513993 /* Sources */,
				1EAE3FF7266B69B700513993 /* Frameworks */,
				1EAE3FF8266B69B700513993 /* Resources */,
			);
			buildRules = (
			);
			dependencies = (
			);
			name = LoginChecker;
			productName = LoginChecker;
			productReference = 1EAE3FFA266B69B700513993 /* LoginChecker.app */;
			productType = "com.apple.product-type.application";
		};
		1EAE401B266B9EEE00513993 /* LoginCheckerTests */ = {
			isa = PBXNativeTarget;
			buildConfigurationList = 1EAE4023266B9EEE00513993 /* Build configuration list for PBXNativeTarget "LoginCheckerTests" */;
			buildPhases = (
				1EAE4018266B9EEE00513993 /* Sources */,
				1EAE4019266B9EEE00513993 /* Frameworks */,
				1EAE401A266B9EEE00513993 /* Resources */,
			);
			buildRules = (
			);
			dependencies = (
				1EAE4022266B9EEE00513993 /* PBXTargetDependency */,
			);
			name = LoginCheckerTests;
			productName = LoginCheckerTests;
			productReference = 1EAE401C266B9EEE00513993 /* LoginCheckerTests.xctest */;
			productType = "com.apple.product-type.bundle.unit-test";
		};
/* End PBXNativeTarget section */

/* Begin PBXProject section */
		1EAE3FF2266B69B700513993 /* Project object */ = {
			isa = PBXProject;
			attributes = {
				LastSwiftUpdateCheck = 1140;
				LastUpgradeCheck = 1140;
				ORGANIZATIONNAME = "GoldenWindGames LLC";
				TargetAttributes = {
					1EAE3FF9266B69B700513993 = {
						CreatedOnToolsVersion = 11.4;
					};
					1EAE401B266B9EEE00513993 = {
						CreatedOnToolsVersion = 11.4;
						TestTargetID = 1EAE3FF9266B69B700513993;
					};
				};
			};
			buildConfigurationList = 1EAE3FF5266B69B700513993 /* Build configuration list for PBXProject "LoginChecker" */;
			compatibilityVersion = "Xcode 9.3";
			developmentRegion = en;
			hasScannedForEncodings = 0;
			knownRegions = (
				en,
				Base,
			);
			mainGroup = 1EAE3FF1266B69B700513993;
			productRefGroup = 1EAE3FFB266B69B700513993 /* Products */;
			projectDirPath = "";
			projectRoot = "";
			targets = (
				1EAE3FF9266B69B700513993 /* LoginChecker */,
				1EAE401B266B9EEE00513993 /* LoginCheckerTests */,
			);
		};
/* End PBXProject section */

/* Begin PBXResourcesBuildPhase section */
		1EAE3FF8266B69B700513993 /* Resources */ = {
			isa = PBXResourcesBuildPhase;
			buildActionMask = 2147483647;
			files = (
				1EAE400A266B69C700513993 /* LaunchScreen.storyboard in Resources */,
				1EAE4007266B69C700513993 /* Assets.xcassets in Resources */,
				1EAE4005266B69B700513993 /* Main.storyboard in Resources */,
			);
			runOnlyForDeploymentPostprocessing = 0;
		};
		1EAE401A266B9EEE00513993 /* Resources */ = {
			isa = PBXResourcesBuildPhase;
			buildActionMask = 2147483647;
			files = (
			);
			runOnlyForDeploymentPostprocessing = 0;
		};
/* End PBXResourcesBuildPhase section */

/* Begin PBXSourcesBuildPhase section */
		1EAE3FF6266B69B700513993 /* Sources */ = {
			isa = PBXSourcesBuildPhase;
			buildActionMask = 2147483647;
			files = (
				1EAE4002266B69B700513993 /* ViewController.swift in Sources */,
				1EAE3FFE266B69B700513993 /* AppDelegate.swift in Sources */,
				1EAE4000266B69B700513993 /* SceneDelegate.swift in Sources */,
				1EAE4012266B88A200513993 /* LoginChecker.swift in Sources */,
				1EAE4014266B969500513993 /* LoginCheckerDelegate.swift in Sources */,
			);
			runOnlyForDeploymentPostprocessing = 0;
		};
		1EAE4018266B9EEE00513993 /* Sources */ = {
			isa = PBXSourcesBuildPhase;
			buildActionMask = 2147483647;
			files = (
				1EAE401F266B9EEE00513993 /* LoginCheckerTests.swift in Sources */,
			);
			runOnlyForDeploymentPostprocessing = 0;
		};
/* End PBXSourcesBuildPhase section */

/* Begin PBXTargetDependency section */
		1EAE4022266B9EEE00513993 /* PBXTargetDependency */ = {
			isa = PBXTargetDependency;
			target = 1EAE3FF9266B69B700513993 /* LoginChecker */;
			targetProxy = 1EAE4021266B9EEE00513993 /* PBXContainerItemProxy */;
		};
/* End PBXTargetDependency section */

/* Begin PBXVariantGroup section */
		1EAE4003266B69B700513993 /* Main.storyboard */ = {
			isa = PBXVariantGroup;
			children = (
				1EAE4004266B69B700513993 /* Base */,
			);
			name = Main.storyboard;
			sourceTree = "<group>";
		};
		1EAE4008266B69C700513993 /* LaunchScreen.storyboard */ = {
			isa = PBXVariantGroup;
			children = (
				1EAE4009266B69C700513993 /* Base */,
			);
			name = LaunchScreen.storyboard;
			sourceTree = "<group>";
		};
/* End PBXVariantGroup section */

/* Begin XCBuildConfiguration section */
		1EAE400C266B69C700513993 /* Debug */ = {
			isa = XCBuildConfiguration;
			buildSettings = {
				ALWAYS_SEARCH_USER_PATHS = NO;
				CLANG_ANALYZER_NONNULL = YES;
				CLANG_ANALYZER_NUMBER_OBJECT_CONVERSION = YES_AGGRESSIVE;
				CLANG_CXX_LANGUAGE_STANDARD = "gnu++14";
				CLANG_CXX_LIBRARY = "libc++";
				CLANG_ENABLE_MODULES = YES;
				CLANG_ENABLE_OBJC_ARC = YES;
				CLANG_ENABLE_OBJC_WEAK = YES;
				CLANG_WARN_BLOCK_CAPTURE_AUTORELEASING = YES;
				CLANG_WARN_BOOL_CONVERSION = YES;
				CLANG_WARN_COMMA = YES;
				CLANG_WARN_CONSTANT_CONVERSION = YES;
				CLANG_WARN_DEPRECATED_OBJC_IMPLEMENTATIONS = YES;
				CLANG_WARN_DIRECT_OBJC_ISA_USAGE = YES_ERROR;
				CLANG_WARN_DOCUMENTATION_COMMENTS = YES;
				CLANG_WARN_EMPTY_BODY = YES;
				CLANG_WARN_ENUM_CONVERSION = YES;
				CLANG_WARN_INFINITE_RECURSION = YES;
				CLANG_WARN_INT_CONVERSION = YES;
				CLANG_WARN_NON_LITERAL_NULL_CONVERSION = YES;
				CLANG_WARN_OBJC_IMPLICIT_RETAIN_SELF = YES;
				CLANG_WARN_OBJC_LITERAL_CONVERSION = YES;
				CLANG_WARN_OBJC_ROOT_CLASS = YES_ERROR;
				CLANG_WARN_RANGE_LOOP_ANALYSIS = YES;
				CLANG_WARN_STRICT_PROTOTYPES = YES;
				CLANG_WARN_SUSPICIOUS_MOVE = YES;
				CLANG_WARN_UNGUARDED_AVAILABILITY = YES_AGGRESSIVE;
				CLANG_WARN_UNREACHABLE_CODE = YES;
				CLANG_WARN__DUPLICATE_METHOD_MATCH = YES;
				COPY_PHASE_STRIP = NO;
				DEBUG_INFORMATION_FORMAT = dwarf;
				ENABLE_STRICT_OBJC_MSGSEND = YES;
				ENABLE_TESTABILITY = YES;
				GCC_C_LANGUAGE_STANDARD = gnu11;
				GCC_DYNAMIC_NO_PIC = NO;
				GCC_NO_COMMON_BLOCKS = YES;
				GCC_OPTIMIZATION_LEVEL = 0;
				GCC_PREPROCESSOR_DEFINITIONS = (
					"DEBUG=1",
					"$(inherited)",
				);
				GCC_WARN_64_TO_32_BIT_CONVERSION = YES;
				GCC_WARN_ABOUT_RETURN_TYPE = YES_ERROR;
				GCC_WARN_UNDECLARED_SELECTOR = YES;
				GCC_WARN_UNINITIALIZED_AUTOS = YES_AGGRESSIVE;
				GCC_WARN_UNUSED_FUNCTION = YES;
				GCC_WARN_UNUSED_VARIABLE = YES;
				IPHONEOS_DEPLOYMENT_TARGET = 13.4;
				MTL_ENABLE_DEBUG_INFO = INCLUDE_SOURCE;
				MTL_FAST_MATH = YES;
				ONLY_ACTIVE_ARCH = YES;
				SDKROOT = iphoneos;
				SWIFT_ACTIVE_COMPILATION_CONDITIONS = DEBUG;
				SWIFT_OPTIMIZATION_LEVEL = "-Onone";
			};
			name = Debug;
		};
		1EAE400D266B69C700513993 /* Release */ = {
			isa = XCBuildConfiguration;
			buildSettings = {
				ALWAYS_SEARCH_USER_PATHS = NO;
				CLANG_ANALYZER_NONNULL = YES;
				CLANG_ANALYZER_NUMBER_OBJECT_CONVERSION = YES_AGGRESSIVE;
				CLANG_CXX_LANGUAGE_STANDARD = "gnu++14";
				CLANG_CXX_LIBRARY = "libc++";
				CLANG_ENABLE_MODULES = YES;
				CLANG_ENABLE_OBJC_ARC = YES;
				CLANG_ENABLE_OBJC_WEAK = YES;
				CLANG_WARN_BLOCK_CAPTURE_AUTORELEASING = YES;
				CLANG_WARN_BOOL_CONVERSION = YES;
				CLANG_WARN_COMMA = YES;
				CLANG_WARN_CONSTANT_CONVERSION = YES;
				CLANG_WARN_DEPRECATED_OBJC_IMPLEMENTATIONS = YES;
				CLANG_WARN_DIRECT_OBJC_ISA_USAGE = YES_ERROR;
				CLANG_WARN_DOCUMENTATION_COMMENTS = YES;
				CLANG_WARN_EMPTY_BODY = YES;
				CLANG_WARN_ENUM_CONVERSION = YES;
				CLANG_WARN_INFINITE_RECURSION = YES;
				CLANG_WARN_INT_CONVERSION = YES;
				CLANG_WARN_NON_LITERAL_NULL_CONVERSION = YES;
				CLANG_WARN_OBJC_IMPLICIT_RETAIN_SELF = YES;
				CLANG_WARN_OBJC_LITERAL_CONVERSION = YES;
				CLANG_WARN_OBJC_ROOT_CLASS = YES_ERROR;
				CLANG_WARN_RANGE_LOOP_ANALYSIS = YES;
				CLANG_WARN_STRICT_PROTOTYPES = YES;
				CLANG_WARN_SUSPICIOUS_MOVE = YES;
				CLANG_WARN_UNGUARDED_AVAILABILITY = YES_AGGRESSIVE;
				CLANG_WARN_UNREACHABLE_CODE = YES;
				CLANG_WARN__DUPLICATE_METHOD_MATCH = YES;
				COPY_PHASE_STRIP = NO;
				DEBUG_INFORMATION_FORMAT = "dwarf-with-dsym";
				ENABLE_NS_ASSERTIONS = NO;
				ENABLE_STRICT_OBJC_MSGSEND = YES;
				GCC_C_LANGUAGE_STANDARD = gnu11;
				GCC_NO_COMMON_BLOCKS = YES;
				GCC_WARN_64_TO_32_BIT_CONVERSION = YES;
				GCC_WARN_ABOUT_RETURN_TYPE = YES_ERROR;
				GCC_WARN_UNDECLARED_SELECTOR = YES;
				GCC_WARN_UNINITIALIZED_AUTOS = YES_AGGRESSIVE;
				GCC_WARN_UNUSED_FUNCTION = YES;
				GCC_WARN_UNUSED_VARIABLE = YES;
				IPHONEOS_DEPLOYMENT_TARGET = 13.4;
				MTL_ENABLE_DEBUG_INFO = NO;
				MTL_FAST_MATH = YES;
				SDKROOT = iphoneos;
				SWIFT_COMPILATION_MODE = wholemodule;
				SWIFT_OPTIMIZATION_LEVEL = "-O";
				VALIDATE_PRODUCT = YES;
			};
			name = Release;
		};
		1EAE400F266B69C700513993 /* Debug */ = {
			isa = XCBuildConfiguration;
			buildSettings = {
				ASSETCATALOG_COMPILER_APPICON_NAME = AppIcon;
				CODE_SIGN_STYLE = Automatic;
				INFOPLIST_FILE = LoginChecker/Info.plist;
				LD_RUNPATH_SEARCH_PATHS = (
					"$(inherited)",
					"@executable_path/Frameworks",
				);
				PRODUCT_BUNDLE_IDENTIFIER = com.gwg.LoginChecker;
				PRODUCT_NAME = "$(TARGET_NAME)";
				SWIFT_VERSION = 5.0;
				TARGETED_DEVICE_FAMILY = 1;
			};
			name = Debug;
		};
		1EAE4010266B69C700513993 /* Release */ = {
			isa = XCBuildConfiguration;
			buildSettings = {
				ASSETCATALOG_COMPILER_APPICON_NAME = AppIcon;
				CODE_SIGN_STYLE = Automatic;
				INFOPLIST_FILE = LoginChecker/Info.plist;
				LD_RUNPATH_SEARCH_PATHS = (
					"$(inherited)",
					"@executable_path/Frameworks",
				);
				PRODUCT_BUNDLE_IDENTIFIER = com.gwg.LoginChecker;
				PRODUCT_NAME = "$(TARGET_NAME)";
				SWIFT_VERSION = 5.0;
				TARGETED_DEVICE_FAMILY = 1;
			};
			name = Release;
		};
		1EAE4024266B9EEE00513993 /* Debug */ = {
			isa = XCBuildConfiguration;
			buildSettings = {
				BUNDLE_LOADER = "$(TEST_HOST)";
				CODE_SIGN_STYLE = Automatic;
				INFOPLIST_FILE = LoginCheckerTests/Info.plist;
				LD_RUNPATH_SEARCH_PATHS = (
					"$(inherited)",
					"@executable_path/Frameworks",
					"@loader_path/Frameworks",
				);
				PRODUCT_BUNDLE_IDENTIFIER = com.gwg.LoginCheckerTests;
				PRODUCT_NAME = "$(TARGET_NAME)";
				SWIFT_VERSION = 5.0;
				TARGETED_DEVICE_FAMILY = "1,2";
				TEST_HOST = "$(BUILT_PRODUCTS_DIR)/LoginChecker.app/LoginChecker";
			};
			name = Debug;
		};
		1EAE4025266B9EEE00513993 /* Release */ = {
			isa = XCBuildConfiguration;
			buildSettings = {
				BUNDLE_LOADER = "$(TEST_HOST)";
				CODE_SIGN_STYLE = Automatic;
				INFOPLIST_FILE = LoginCheckerTests/Info.plist;
				LD_RUNPATH_SEARCH_PATHS = (
					"$(inherited)",
					"@executable_path/Frameworks",
					"@loader_path/Frameworks",
				);
				PRODUCT_BUNDLE_IDENTIFIER = com.gwg.LoginCheckerTests;
				PRODUCT_NAME = "$(TARGET_NAME)";
				SWIFT_VERSION = 5.0;
				TARGETED_DEVICE_FAMILY = "1,2";
				TEST_HOST = "$(BUILT_PRODUCTS_DIR)/LoginChecker.app/LoginChecker";
			};
			name = Release;
		};
/* End XCBuildConfiguration section */

/* Begin XCConfigurationList section */
		1EAE3FF5266B69B700513993 /* Build configuration list for PBXProject "LoginChecker" */ = {
			isa = XCConfigurationList;
			buildConfigurations = (
				1EAE400C266B69C700513993 /* Debug */,
				1EAE400D266B69C700513993 /* Release */,
			);
			defaultConfigurationIsVisible = 0;
			defaultConfigurationName = Release;
		};
		1EAE400E266B69C700513993 /* Build configuration list for PBXNativeTarget "LoginChecker" */ = {
			isa = XCConfigurationList;
			buildConfigurations = (
				1EAE400F266B69C700513993 /* Debug */,
				1EAE4010266B69C700513993 /* Release */,
			);
			defaultConfigurationIsVisible = 0;
			defaultConfigurationName = Release;
		};
		1EAE4023266B9EEE00513993 /* Build configuration list for PBXNativeTarget "LoginCheckerTests" */ = {
			isa = XCConfigurationList;
			buildConfigurations = (
				1EAE4024266B9EEE00513993 /* Debug */,
				1EAE4025266B9EEE00513993 /* Release */,
			);
			defaultConfigurationIsVisible = 0;
			defaultConfigurationName = Release;
		};
/* End XCConfigurationList section */
	};
	rootObject = 1EAE3FF2266B69B700513993 /* Project object */;
}
